
Microsoft Visual Studio Solution File, Format Version 12.00
# Visual Studio Version 17
VisualStudioVersion = 17.8.34330.188
MinimumVisualStudioVersion = 10.0.40219.1
Project("{9A19103F-16F7-4668-BE54-9A1E7A4F7556}") = "Business", "Business\Business.csproj", "{8531F6E4-93EE-4C60-A75C-B79F5D2800DD}"
EndProject
Project("{9A19103F-16F7-4668-BE54-9A1E7A4F7556}") = "DataAccess", "DataAccess\DataAccess.csproj", "{0ED59973-1920-42E8-BE71-1331A6C84CB7}"
EndProject
Project("{9A19103F-16F7-4668-BE54-9A1E7A4F7556}") = "Core", "Core\Core.csproj", "{080606E3-7591-4B5F-955C-ED585C25DC45}"
EndProject
Project("{9A19103F-16F7-4668-BE54-9A1E7A4F7556}") = "Entities", "Entities\Entities.csproj", "{AF7972F9-065C-426B-9830-05A9A6296F13}"
EndProject
Project("{FAE04EC0-301F-11D3-BF4B-00C04F79EFBC}") = "API", "API\API.csproj", "{B6DDCD7B-541A-4040-B554-0877576D7CE8}"
EndProject
Global
	GlobalSection(SolutionConfigurationPlatforms) = preSolution
		Debug|Any CPU = Debug|Any CPU
		Release|Any CPU = Release|Any CPU
	EndGlobalSection
	GlobalSection(ProjectConfigurationPlatforms) = postSolution
		{8531F6E4-93EE-4C60-A75C-B79F5D2800DD}.Debug|Any CPU.ActiveCfg = Debug|Any CPU
		{8531F6E4-93EE-4C60-A75C-B79F5D2800DD}.Debug|Any CPU.Build.0 = Debug|Any CPU
		{8531F6E4-93EE-4C60-A75C-B79F5D2800DD}.Release|Any CPU.ActiveCfg = Release|Any CPU
		{8531F6E4-93EE-4C60-A75C-B79F5D2800DD}.Release|Any CPU.Build.0 = Release|Any CPU
		{0ED59973-1920-42E8-BE71-1331A6C84CB7}.Debug|Any CPU.ActiveCfg = Debug|Any CPU
		{0ED59973-1920-42E8-BE71-1331A6C84CB7}.Debug|Any CPU.Build.0 = Debug|Any CPU
		{0ED59973-1920-42E8-BE71-1331A6C84CB7}.Release|Any CPU.ActiveCfg = Release|Any CPU
		{0ED59973-1920-42E8-BE71-1331A6C84CB7}.Release|Any CPU.Build.0 = Release|Any CPU
		{080606E3-7591-4B5F-955C-ED585C25DC45}.Debug|Any CPU.ActiveCfg = Debug|Any CPU
		{080606E3-7591-4B5F-955C-ED585C25DC45}.Debug|Any CPU.Build.0 = Debug|Any CPU
		{080606E3-7591-4B5F-955C-ED585C25DC45}.Release|Any CPU.ActiveCfg = Release|Any CPU
		{080606E3-7591-4B5F-955C-ED585C25DC45}.Release|Any CPU.Build.0 = Release|Any CPU
		{AF7972F9-065C-426B-9830-05A9A6296F13}.Debug|Any CPU.ActiveCfg = Debug|Any CPU
		{AF7972F9-065C-426B-9830-05A9A6296F13}.Debug|Any CPU.Build.0 = Debug|Any CPU
		{AF7972F9-065C-426B-9830-05A9A6296F13}.Release|Any CPU.ActiveCfg = Release|Any CPU
		{AF7972F9-065C-426B-9830-05A9A6296F13}.Release|Any CPU.Build.0 = Release|Any CPU
		{B6DDCD7B-541A-4040-B554-0877576D7CE8}.Debug|Any CPU.ActiveCfg = Debug|Any CPU
		{B6DDCD7B-541A-4040-B554-0877576D7CE8}.Debug|Any CPU.Build.0 = Debug|Any CPU
		{B6DDCD7B-541A-4040-B554-0877576D7CE8}.Release|Any CPU.ActiveCfg = Release|Any CPU
		{B6DDCD7B-541A-4040-B554-0877576D7CE8}.Release|Any CPU.Build.0 = Release|Any CPU
	EndGlobalSection
	GlobalSection(SolutionProperties) = preSolution
		HideSolutionNode = FALSE
	EndGlobalSection
	GlobalSection(ExtensibilityGlobals) = postSolution
		SolutionGuid = {54604F5F-9C8F-450C-890E-495FAC4910F1}
	EndGlobalSection
EndGlobal
